
Microsoft Visual Studio Solution File, Format Version 12.00
# Visual Studio Version 17
VisualStudioVersion = 17.9.34728.123
MinimumVisualStudioVersion = 10.0.40219.1
Project("{FAE04EC0-301F-11D3-BF4B-00C04F79EFBC}") = "KoiOrderingSystem.WebApplication", "KoiOrderingSystem.WebApplication\KoiOrderingSystem.WebApplication.csproj", "{EFAB5337-4AA5-4AC2-BA06-B4220E58008F}"
EndProject
Project("{FAE04EC0-301F-11D3-BF4B-00C04F79EFBC}") = "KoiOrderingSystem.Services", "KoiOrderingSystem.Services\KoiOrderingSystem.Services.csproj", "{A96C8EB5-D65E-4F57-A22F-E24A5DA468E3}"
EndProject
Project("{FAE04EC0-301F-11D3-BF4B-00C04F79EFBC}") = "KoiOrderingSystem.Repositories", "KoiOrderingSystem.Repositories\KoiOrderingSystem.Repositories.csproj", "{BC74221B-99C5-4EC9-8EFA-D16DCECD441A}"
EndProject
Global
	GlobalSection(SolutionConfigurationPlatforms) = preSolution
		Debug|Any CPU = Debug|Any CPU
		Release|Any CPU = Release|Any CPU
	EndGlobalSection
	GlobalSection(ProjectConfigurationPlatforms) = postSolution
		{EFAB5337-4AA5-4AC2-BA06-B4220E58008F}.Debug|Any CPU.ActiveCfg = Debug|Any CPU
		{EFAB5337-4AA5-4AC2-BA06-B4220E58008F}.Debug|Any CPU.Build.0 = Debug|Any CPU
		{EFAB5337-4AA5-4AC2-BA06-B4220E58008F}.Release|Any CPU.ActiveCfg = Release|Any CPU
		{EFAB5337-4AA5-4AC2-BA06-B4220E58008F}.Release|Any CPU.Build.0 = Release|Any CPU
		{A96C8EB5-D65E-4F57-A22F-E24A5DA468E3}.Debug|Any CPU.ActiveCfg = Debug|Any CPU
		{A96C8EB5-D65E-4F57-A22F-E24A5DA468E3}.Debug|Any CPU.Build.0 = Debug|Any CPU
		{A96C8EB5-D65E-4F57-A22F-E24A5DA468E3}.Release|Any CPU.ActiveCfg = Release|Any CPU
		{A96C8EB5-D65E-4F57-A22F-E24A5DA468E3}.Release|Any CPU.Build.0 = Release|Any CPU
		{BC74221B-99C5-4EC9-8EFA-D16DCECD441A}.Debug|Any CPU.ActiveCfg = Debug|Any CPU
		{BC74221B-99C5-4EC9-8EFA-D16DCECD441A}.Debug|Any CPU.Build.0 = Debug|Any CPU
		{BC74221B-99C5-4EC9-8EFA-D16DCECD441A}.Release|Any CPU.ActiveCfg = Release|Any CPU
		{BC74221B-99C5-4EC9-8EFA-D16DCECD441A}.Release|Any CPU.Build.0 = Release|Any CPU
	EndGlobalSection
	GlobalSection(SolutionProperties) = preSolution
		HideSolutionNode = FALSE
	EndGlobalSection
	GlobalSection(ExtensibilityGlobals) = postSolution
		SolutionGuid = {8C1DDC21-6A00-4CAA-B6A1-B5F607EFFA1B}
	EndGlobalSection
EndGlobal
