
Microsoft Visual Studio Solution File, Format Version 12.00
# Visual Studio Version 17
VisualStudioVersion = 17.9.34728.123
MinimumVisualStudioVersion = 10.0.40219.1
Project("{FAE04EC0-301F-11D3-BF4B-00C04F79EFBC}") = "KoiOrderingSystem.WebApplication", "KoiOrderingSystem.WebApplication\KoiOrderingSystem.WebApplication.csproj", "{997C05F1-C457-4A82-92B3-10035999C5FA}"
EndProject
Project("{FAE04EC0-301F-11D3-BF4B-00C04F79EFBC}") = "KoiOrderingSystem.Repositories", "KoiOrderingSystemRepositories\KoiOrderingSystem.Repositories.csproj", "{607FBD31-4446-4DE2-841D-884872276610}"
EndProject
Project("{FAE04EC0-301F-11D3-BF4B-00C04F79EFBC}") = "KoiOrderingSystem.Services", "KoiOrderingSystemServices\KoiOrderingSystem.Services.csproj", "{EB088903-3B04-4C2F-A609-3156E790107C}"
EndProject
Global
	GlobalSection(SolutionConfigurationPlatforms) = preSolution
		Debug|Any CPU = Debug|Any CPU
		Release|Any CPU = Release|Any CPU
	EndGlobalSection
	GlobalSection(ProjectConfigurationPlatforms) = postSolution
		{997C05F1-C457-4A82-92B3-10035999C5FA}.Debug|Any CPU.ActiveCfg = Debug|Any CPU
		{997C05F1-C457-4A82-92B3-10035999C5FA}.Debug|Any CPU.Build.0 = Debug|Any CPU
		{997C05F1-C457-4A82-92B3-10035999C5FA}.Release|Any CPU.ActiveCfg = Release|Any CPU
		{997C05F1-C457-4A82-92B3-10035999C5FA}.Release|Any CPU.Build.0 = Release|Any CPU
		{607FBD31-4446-4DE2-841D-884872276610}.Debug|Any CPU.ActiveCfg = Debug|Any CPU
		{607FBD31-4446-4DE2-841D-884872276610}.Debug|Any CPU.Build.0 = Debug|Any CPU
		{607FBD31-4446-4DE2-841D-884872276610}.Release|Any CPU.ActiveCfg = Release|Any CPU
		{607FBD31-4446-4DE2-841D-884872276610}.Release|Any CPU.Build.0 = Release|Any CPU
		{EB088903-3B04-4C2F-A609-3156E790107C}.Debug|Any CPU.ActiveCfg = Debug|Any CPU
		{EB088903-3B04-4C2F-A609-3156E790107C}.Debug|Any CPU.Build.0 = Debug|Any CPU
		{EB088903-3B04-4C2F-A609-3156E790107C}.Release|Any CPU.ActiveCfg = Release|Any CPU
		{EB088903-3B04-4C2F-A609-3156E790107C}.Release|Any CPU.Build.0 = Release|Any CPU
	EndGlobalSection
	GlobalSection(SolutionProperties) = preSolution
		HideSolutionNode = FALSE
	EndGlobalSection
	GlobalSection(ExtensibilityGlobals) = postSolution
		SolutionGuid = {A70CF155-ED0D-49AF-A514-481E7E08BACA}
	EndGlobalSection
EndGlobal
